<?xml version="1.0" encoding="UTF-8" standalone="yes" ?>
<CodeBlocks_project_file>
	<FileVersion major="1" minor="6" />
	<Project>
		<Option title="unamed" />
		<Option pch_mode="2" />
		<Option compiler="gcc" />
		<Build>
			<Target title="Debug">
				<Option output="bin/Debug/main" prefix_auto="1" extension_auto="1" />
				<Option object_output="obj/Debug/" />
				<Option type="1" />
				<Option compiler="gcc" />
				<Compiler>
					<Add option="-g" />
				</Compiler>
				<Linker>
					<Add library="sfml-graphics-d" />
					<Add library="sfml-window-d" />
					<Add library="sfml-audio-d" />
					<Add library="sfml-system-d" />
				</Linker>
			</Target>
			<Target title="Test">
				<Option output="test" prefix_auto="1" extension_auto="1" />
				<Option object_output="obj/Test/" />
				<Option type="1" />
				<Option compiler="gcc" />
				<Compiler>
					<Add option="-std=c++14" />
				</Compiler>
				<Linker>
					<Add option="-lPython34" />
					<Add library="sfml-graphics" />
					<Add library="sfml-window" />
					<Add library="sfml-audio" />
					<Add library="sfml-system" />
					<Add library="sfml-main" />
				</Linker>
			</Target>
			<Target title="Release">
				<Option output="bin/Release/main" prefix_auto="1" extension_auto="1" />
				<Option object_output="obj/Release/" />
				<Option type="0" />
				<Option compiler="gcc" />
				<Compiler>
					<Add option="-O2" />
				</Compiler>
				<Linker>
					<Add option="-s" />
					<Add library="sfml-graphics" />
					<Add library="sfml-window" />
					<Add library="sfml-audio" />
					<Add library="sfml-system" />
				</Linker>
			</Target>
		</Build>
		<Compiler>
			<Add option="-Wall" />
			<Add option="-std=c++14" />
			<Add directory="C:/SFML-2.4.1/include" />
			<Add directory="F:/ENDIVE/src/scripting/Python34/include" />
		</Compiler>
		<Linker>
			<Add option="-lPython34" />
			<Add directory="C:/SFML-2.4.1/lib" />
			<Add directory="F:/ENDIVE/src/scripting/Python34/libs" />
		</Linker>
		<Unit filename="main.cpp" />
		<Unit filename="src/abstract/competence.cpp" />
		<Unit filename="src/abstract/competence.hpp" />
		<Unit filename="src/abstract/creatures_loader.cpp" />
		<Unit filename="src/abstract/creatures_loader.hpp" />
		<Unit filename="src/abstract/equip.cpp" />
		<Unit filename="src/abstract/equip.hpp" />
		<Unit filename="src/abstract/functions.cpp" />
		<Unit filename="src/abstract/functions.hpp" />
		<Unit filename="src/abstract/point.cpp" />
		<Unit filename="src/abstract/point.hpp" />
		<Unit filename="src/abstract/statemachine.cpp" />
		<Unit filename="src/abstract/statemachine.hpp" />
		<Unit filename="src/abstract/texturesmanager.cpp" />
		<Unit filename="src/abstract/texturesmanager.hpp" />
		<Unit filename="src/abstract/type.hpp" />
		<Unit filename="src/bag/bag.cpp" />
		<Unit filename="src/bag/bag.hpp" />
		<Unit filename="src/bag/objectstable.cpp" />
		<Unit filename="src/bag/objectstable.hpp" />
		<Unit filename="src/bag/pockets/objects/object.cpp" />
		<Unit filename="src/bag/pockets/objects/object.hpp" />
		<Unit filename="src/bag/pockets/pocket.cpp" />
		<Unit filename="src/bag/pockets/pocket.hpp" />
		<Unit filename="src/constants.hpp" />
		<Unit filename="src/entities/character.cpp" />
		<Unit filename="src/entities/character.hpp" />
		<Unit filename="src/entities/creature.cpp" />
		<Unit filename="src/entities/creature.hpp" />
		<Unit filename="src/entities/effects/sort.cpp" />
		<Unit filename="src/entities/effects/sort.hpp" />
		<Unit filename="src/entities/states.hpp" />
		<Unit filename="src/game.cpp" />
		<Unit filename="src/game.hpp" />
		<Unit filename="src/json/json-forwards.h" />
		<Unit filename="src/json/json.h" />
		<Unit filename="src/jsoncpp.cpp" />
		<Unit filename="src/map/blocks/block.cpp" />
		<Unit filename="src/map/blocks/block.hpp" />
		<Unit filename="src/map/blocks/triggers.hpp" />
		<Unit filename="src/map/map.cpp" />
		<Unit filename="src/map/map.hpp" />
		<Unit filename="src/map/tilemap.cpp" />
		<Unit filename="src/map/tilemap.hpp" />
		<Unit filename="src/particles/particles.cpp" />
		<Unit filename="src/particles/particles.hpp" />
		<Unit filename="src/scripting/scripting.cpp" />
		<Unit filename="src/scripting/scripting.hpp" />
		<Unit filename="src/views/creatures.cpp" />
		<Unit filename="src/views/creatures.hpp" />
		<Unit filename="src/views/default.cpp" />
		<Unit filename="src/views/default.hpp" />
		<Unit filename="src/views/dex.cpp" />
		<Unit filename="src/views/dex.hpp" />
		<Unit filename="src/views/huds/hud.cpp" />
		<Unit filename="src/views/huds/hud.hpp" />
		<Unit filename="src/views/huds/menu.cpp" />
		<Unit filename="src/views/huds/menu.hpp" />
		<Unit filename="src/views/inventory.cpp" />
		<Unit filename="src/views/inventory.hpp" />
		<Unit filename="src/views/map.cpp" />
		<Unit filename="src/views/map.hpp" />
		<Unit filename="src/views/save.cpp" />
		<Unit filename="src/views/save.hpp" />
		<Unit filename="src/views/view.cpp" />
		<Unit filename="src/views/view.hpp" />
		<Unit filename="version.h" />
		<Extensions>
			<code_completion />
			<envvars />
			<debugger />
			<lib_finder disable_auto="1" />
			<AutoVersioning>
				<Scheme minor_max="10" build_max="0" rev_max="0" rev_rand_max="10" build_times_to_increment_minor="100" />
				<Settings autoincrement="1" date_declarations="1" use_define="0" update_manifest="1" do_auto_increment="0" ask_to_increment="0" language="C++" svn="0" svn_directory="" header_path="version.h" />
				<Changes_Log show_changes_editor="0" app_title="released version %M.%m.%b of %p" changeslog_path="ChangesLog.txt" />
				<Code header_guard="VERSION_H" namespace="AutoVersion" prefix="" />
			</AutoVersioning>
		</Extensions>
	</Project>
</CodeBlocks_project_file>
